{
  "version": 4,
  "terraform_version": "1.4.5",
  "serial": 25,
  "lineage": "20fab140-2484-4ebe-cbd9-1b4c2919abfb",
  "outputs": {
    "instance_public_ip": {
      "value": "43.205.145.238",
      "type": "string"
    }
  },
  "resources": [
    {
      "mode": "managed",
      "type": "aws_instance",
      "name": "my_instance",
      "provider": "provider[\"registry.terraform.io/hashicorp/aws\"]",
      "instances": [
        {
          "schema_version": 1,
          "attributes": {
            "ami": "ami-03a933af70fa97ad2",
            "arn": "arn:aws:ec2:ap-south-1:574581359705:instance/i-03f6a04184357574e",
            "associate_public_ip_address": true,
            "availability_zone": "ap-south-1a",
            "capacity_reservation_specification": [
              {
                "capacity_reservation_preference": "open",
                "capacity_reservation_target": []
              }
            ],
            "cpu_core_count": 1,
            "cpu_threads_per_core": 1,
            "credit_specification": [
              {
                "cpu_credits": "standard"
              }
            ],
            "disable_api_stop": false,
            "disable_api_termination": false,
            "ebs_block_device": [],
            "ebs_optimized": false,
            "enclave_options": [
              {
                "enabled": false
              }
            ],
            "ephemeral_block_device": [],
            "get_password_data": false,
            "hibernation": false,
            "host_id": "",
            "host_resource_group_arn": null,
            "iam_instance_profile": "",
            "id": "i-03f6a04184357574e",
            "instance_initiated_shutdown_behavior": "stop",
            "instance_state": "running",
            "instance_type": "t2.micro",
            "ipv6_address_count": 0,
            "ipv6_addresses": [],
            "key_name": "newkey",
            "launch_template": [],
            "maintenance_options": [
              {
                "auto_recovery": "default"
              }
            ],
            "metadata_options": [
              {
                "http_endpoint": "enabled",
                "http_put_response_hop_limit": 1,
                "http_tokens": "optional",
                "instance_metadata_tags": "disabled"
              }
            ],
            "monitoring": false,
            "network_interface": [],
            "outpost_arn": "",
            "password_data": "",
            "placement_group": "",
            "placement_partition_number": 0,
            "primary_network_interface_id": "eni-0133c067fc9094dab",
            "private_dns": "ip-172-31-40-81.ap-south-1.compute.internal",
            "private_dns_name_options": [
              {
                "enable_resource_name_dns_a_record": false,
                "enable_resource_name_dns_aaaa_record": false,
                "hostname_type": "ip-name"
              }
            ],
            "private_ip": "172.31.40.81",
            "public_dns": "ec2-43-205-145-238.ap-south-1.compute.amazonaws.com",
            "public_ip": "43.205.145.238",
            "root_block_device": [
              {
                "delete_on_termination": true,
                "device_name": "/dev/sda1",
                "encrypted": false,
                "iops": 100,
                "kms_key_id": "",
                "tags": {},
                "throughput": 0,
                "volume_id": "vol-044558ae4fbaaf57f",
                "volume_size": 8,
                "volume_type": "gp2"
              }
            ],
            "secondary_private_ips": [],
            "security_groups": [
              "default"
            ],
            "source_dest_check": true,
            "subnet_id": "subnet-06ca41411181719e0",
            "tags": {
              "name": "New_instance"
            },
            "tags_all": {
              "name": "New_instance"
            },
            "tenancy": "default",
            "timeouts": null,
            "user_data": null,
            "user_data_base64": null,
            "user_data_replace_on_change": false,
            "volume_tags": null,
            "vpc_security_group_ids": [
              "sg-0e4ddd384deefa3e5"
            ]
          },
          "sensitive_attributes": [],
          "private": "eyJlMmJmYjczMC1lY2FhLTExZTYtOGY4OC0zNDM2M2JjN2M0YzAiOnsiY3JlYXRlIjo2MDAwMDAwMDAwMDAsImRlbGV0ZSI6MTIwMDAwMDAwMDAwMCwidXBkYXRlIjo2MDAwMDAwMDAwMDB9LCJzY2hlbWFfdmVyc2lvbiI6IjEifQ==",
          "dependencies": [
            "aws_key_pair.newkey"
          ]
        }
      ]
    },
    {
      "mode": "managed",
      "type": "aws_key_pair",
      "name": "newkey",
      "provider": "provider[\"registry.terraform.io/hashicorp/aws\"]",
      "instances": [
        {
          "schema_version": 1,
          "attributes": {
            "arn": "arn:aws:ec2:ap-south-1:574581359705:key-pair/newkey",
            "fingerprint": "a9:fa:cb:f6:3c:f0:0e:33:a7:c0:20:dc:08:2d:51:84",
            "id": "newkey",
            "key_name": "newkey",
            "key_name_prefix": "",
            "key_pair_id": "key-0595d42ff1e9a8183",
            "key_type": "rsa",
            "public_key": "ssh-rsa AAAAB3NzaC1yc2EAAAADAQABAAABAQCWd0OxXmm9SPHtf9KcEY8kE3n9f3z13JDowbazaLpGbq6te3oth9Gvhfu+V5uptQ3Il6un21gZcFH3Qsk+MWrrvbP/PaQsSj4850OfQE16iKWgcIic/CNBc/kjSBTfpbrb5GSmjozogVfyEgqeRjiRn3QCH80xnLGpd6HnQaio6f+Hcg/Wc5T+F2Cn/uRlC3PzKaY3Fkz87i/Y+iB1VbUHO/AQWmzqPj8+HOXTPn48VuRpEGwCCXv6Xf8FgLhaiSAUjsga1F3rwWXIPkpiSA9MYWicyBVPH2P+EESzeqh6ImWcvXqQbP+xjGzXdvddAee68bOEISbxOkOCr0d8vyFb newjob2023",
            "tags": null,
            "tags_all": {}
          },
          "sensitive_attributes": [],
          "private": "eyJzY2hlbWFfdmVyc2lvbiI6IjEifQ=="
        }
      ]
    }
  ],
  "check_results": null
}
